# This file was autogenerated by Stack.
# You should not edit this file by hand.
# For more information, please see the documentation at:
#   https://docs.haskellstack.org/en/stable/lock_files

packages:
- completed:
    hackage: reflex-0.7.0.0@sha256:b7c00263a97925045d9c05c47979b46850935f7ba01b775d728cf357b373e611,11192
    pantry-tree:
      size: 4463
      sha256: 03e0d44b78c799daee330fbbcc6a0d89c4166619070cc3f524122c81b31ac157
  original:
    hackage: reflex-0.7.0.0@sha256:b7c00263a97925045d9c05c47979b46850935f7ba01b775d728cf357b373e611,11192
- completed:
    hackage: constraints-extras-0.3.0.2@sha256:bf6884be65958e9188ae3c9e5547abfd6d201df021bff8a4704c2c4fe1e1ae5b,1784
    pantry-tree:
      size: 594
      sha256: b0bcc96d375ee11b1972a2e9e8e42039b3f420b0e1c46e9c70652470445a6505
  original:
    hackage: constraints-extras-0.3.0.2@sha256:bf6884be65958e9188ae3c9e5547abfd6d201df021bff8a4704c2c4fe1e1ae5b,1784
- completed:
    hackage: dependent-map-0.3.1.0@sha256:f33391e51264aab38b11d581bb8d2f7c6fc9fcf012bdbb6122708c23b3360b2a,1657
    pantry-tree:
      size: 551
      sha256: e49230ff3bb1ddc9bef79c22b080ec04a5bb7829808d52df910f734d1cffdddc
  original:
    hackage: dependent-map-0.3.1.0@sha256:f33391e51264aab38b11d581bb8d2f7c6fc9fcf012bdbb6122708c23b3360b2a,1657
- completed:
    hackage: dependent-sum-0.6.2.0@sha256:bff37c85b38e768b942f9d81c2465b63a96076f1ba006e35612aa357770807b6,1856
    pantry-tree:
      size: 474
      sha256: ad3fbed5104f9ee9c8082c9dcc8ade847674e3053572533e8d26ad1a866f1107
  original:
    hackage: dependent-sum-0.6.2.0@sha256:bff37c85b38e768b942f9d81c2465b63a96076f1ba006e35612aa357770807b6,1856
- completed:
    hackage: monoidal-containers-0.6.0.1@sha256:7d776942659eb4d70d8b8da5d734396374a6eda8b4622df9e61e26b24e9c8e40,2501
    pantry-tree:
      size: 569
      sha256: c354e916cb3aa9a0728a60f08440dc589a9e6d8275f047dbe9ab73f168247561
  original:
    hackage: monoidal-containers-0.6.0.1@sha256:7d776942659eb4d70d8b8da5d734396374a6eda8b4622df9e61e26b24e9c8e40,2501
- completed:
    hackage: patch-0.0.3.1@sha256:f14acf2eea8c83be57398106cec549c476577a947a7f856e6aa71dc561d58ca9,2308
    pantry-tree:
      size: 977
      sha256: d959d6d59fa8b46876c0eaa4f2736017b3e2d4dbbc5ee6a6bdd7635c7d4c1510
  original:
    hackage: patch-0.0.3.1@sha256:f14acf2eea8c83be57398106cec549c476577a947a7f856e6aa71dc561d58ca9,2308
- completed:
    hackage: prim-uniq-0.1.0.1@sha256:23f15867b381b49e3f09f69fba318b0ee0e505d5fe0df82f3fcdf3f5c2886291,1201
    pantry-tree:
      size: 363
      sha256: c20e37eff29b7d5986c4f25ce50a0aa7805d9fa7c3dca8a898f092488d618d9e
  original:
    hackage: prim-uniq-0.1.0.1@sha256:23f15867b381b49e3f09f69fba318b0ee0e505d5fe0df82f3fcdf3f5c2886291,1201
- completed:
    hackage: ref-tf-0.4.0.2@sha256:69de3550250e0cd69f45d080359cb314a9487c915024349c75b78732bbee9332,1134
    pantry-tree:
      size: 211
      sha256: fc5a4a35b4c782a33f452c1dc66ffa8ddbf321e2db369bd8823c796f0d4d8c7f
  original:
    hackage: ref-tf-0.4.0.2@sha256:69de3550250e0cd69f45d080359cb314a9487c915024349c75b78732bbee9332,1134
- completed:
    hackage: witherable-0.3.1@sha256:ed3d5bc9eb1c08fa9704d9e143cdf622e1bd80b847cd5ede8c07da7bc7981ab9,1313
    pantry-tree:
      size: 271
      sha256: 7077f6c0e9e973af2c7f4429bcc3af6d345c19554c1335733faccec35d4c1708
  original:
    hackage: witherable-0.3.1@sha256:ed3d5bc9eb1c08fa9704d9e143cdf622e1bd80b847cd5ede8c07da7bc7981ab9,1313
- completed:
    hackage: dependent-sum-template-0.1.0.3@sha256:0bbbacdfbd3abf2a15aaf0cf2c27e5bdd159b519441fec39e1e6f2f54424adde,1682
    pantry-tree:
      size: 436
      sha256: 32eeadeb991a290a1da41ce7e995dee7d38ebba3bd3e53ea8074c32c086701fd
  original:
    hackage: dependent-sum-template-0.1.0.3@sha256:0bbbacdfbd3abf2a15aaf0cf2c27e5bdd159b519441fec39e1e6f2f54424adde,1682
- completed:
    size: 7707
    url: https://github.com/pdlla/reflex-test-host/archive/73de55fbd7cb67b73af8f5d4370b1f653e7e9652.tar.gz
    cabal-file:
      size: 2851
      sha256: da5bb19a091613bf951daddde077e03481cc4b400d70883f387f2930940c2f6e
    name: reflex-test-host
    version: 0.1.0.0
    sha256: 99982e0afab3b24d621e7a9808d8c3d46b0a62c730c4e27f0de565cc48f28391
    pantry-tree:
      size: 598
      sha256: b78da52f823b455d0c0c464e7b134e92493636819925aa6c40be53579f44ab96
  original:
    url: https://github.com/pdlla/reflex-test-host/archive/73de55fbd7cb67b73af8f5d4370b1f653e7e9652.tar.gz
- completed:
    size: 19369
    url: https://github.com/pdlla/reflex-dynamic-containers/archive/607cf12fe2b0df1eb3bf3ccdc49e62744cba95ba.tar.gz
    cabal-file:
      size: 3407
      sha256: 1ee1dd6e74ebb811e8f140d12b2b6d4b91087b1524af4bdc3084897d5ad99a1a
    name: reflex-dynamic-containers
    version: 0.1.0.0
    sha256: d8db8d2eaae62525d1e21366a270debf1cebde39f87099b2fa1770747b693ad0
    pantry-tree:
      size: 1326
      sha256: f5e5aa7bfcae190d2a9dad0ed2ac6f7bd4e1f3cf2e887ab73c793b2e3a18c609
  original:
    url: https://github.com/pdlla/reflex-dynamic-containers/archive/607cf12fe2b0df1eb3bf3ccdc49e62744cba95ba.tar.gz
- completed:
    size: 10339
    url: https://github.com/pdlla/reflex-potatoes/archive/5651a28eaa4cb7052c9a8181da119bef3e440786.tar.gz
    cabal-file:
      size: 2986
      sha256: dd25b938c0120b0951f9bab82b5079ffb0e5d21aad97a7915ada8fb3a7bccb9b
    name: reflex-potatoes
    version: 0.1.0.0
    sha256: 834e98843c0bbf79289cf2ea98d54511ec2de78a8f017343c17d9431e2a3cd85
    pantry-tree:
      size: 609
      sha256: 0f7bf4e504c3bf440c4e497ef78a9a0b35ae191ac4b6c8e4fab0e18debe55a82
  original:
    url: https://github.com/pdlla/reflex-potatoes/archive/5651a28eaa4cb7052c9a8181da119bef3e440786.tar.gz
- completed:
    size: 42740
    url: https://github.com/pdlla/potato-flow/archive/2d40a0f7838339b46e3be07ddb2826bfac9b67b4.tar.gz
    cabal-file:
      size: 5618
      sha256: 6628ab1863a2469c00f9e56d0c71793145d9c373c9a6e92df069c9fce01dff98
    name: potato-flow
    version: 0.1.0.0
    sha256: d32a63469244680b30d91e4338cd7abbdc54513e9f311cbb78ea866add0c54a5
    pantry-tree:
      size: 2072
      sha256: cb0d078bc818be50f84e7fadc05b14413d814925f3a4aa8c04b7a4ebc2a5204c
  original:
    url: https://github.com/pdlla/potato-flow/archive/2d40a0f7838339b46e3be07ddb2826bfac9b67b4.tar.gz
- completed:
    size: 355250
    url: https://github.com/pdlla/reflex-vty/archive/bb53903a44f54101caada1aee294afb7f5e6a510.tar.gz
    cabal-file:
      size: 2510
      sha256: 145e6da8c4fa35fd9ecdf2574d0aea11c3e0cf3df79c173cef18baf6782ee288
    name: reflex-vty
    version: 0.1.3.0
    sha256: 954d506ec45611914e35d227ce0f0b1e3157900017900af35d66af5f71ddf702
    pantry-tree:
      size: 1613
      sha256: 513e5786fb3dac323aea0cc0c80c87a9dd150dca3fe734dc78ae8e1c2ae600e4
  original:
    url: https://github.com/pdlla/reflex-vty/archive/bb53903a44f54101caada1aee294afb7f5e6a510.tar.gz
snapshots:
- completed:
    size: 492027
    url: https://raw.githubusercontent.com/commercialhaskell/stackage-snapshots/master/lts/15/9.yaml
    sha256: 11394dc975e96c2fea90f7f2b3229630d46351a092ebcec78f0a56403930b429
  original: lts-15.9
