# This file was autogenerated by Stack.
# You should not edit this file by hand.
# For more information, please see the documentation at:
#   https://docs.haskellstack.org/en/stable/lock_files

packages:
- completed:
    hackage: reflex-0.7.0.0@sha256:b7c00263a97925045d9c05c47979b46850935f7ba01b775d728cf357b373e611,11192
    pantry-tree:
      size: 4463
      sha256: 03e0d44b78c799daee330fbbcc6a0d89c4166619070cc3f524122c81b31ac157
  original:
    hackage: reflex-0.7.0.0@sha256:b7c00263a97925045d9c05c47979b46850935f7ba01b775d728cf357b373e611,11192
- completed:
    hackage: constraints-extras-0.3.0.2@sha256:bf6884be65958e9188ae3c9e5547abfd6d201df021bff8a4704c2c4fe1e1ae5b,1784
    pantry-tree:
      size: 594
      sha256: b0bcc96d375ee11b1972a2e9e8e42039b3f420b0e1c46e9c70652470445a6505
  original:
    hackage: constraints-extras-0.3.0.2@sha256:bf6884be65958e9188ae3c9e5547abfd6d201df021bff8a4704c2c4fe1e1ae5b,1784
- completed:
    hackage: dependent-map-0.3.1.0@sha256:f33391e51264aab38b11d581bb8d2f7c6fc9fcf012bdbb6122708c23b3360b2a,1657
    pantry-tree:
      size: 551
      sha256: e49230ff3bb1ddc9bef79c22b080ec04a5bb7829808d52df910f734d1cffdddc
  original:
    hackage: dependent-map-0.3.1.0@sha256:f33391e51264aab38b11d581bb8d2f7c6fc9fcf012bdbb6122708c23b3360b2a,1657
- completed:
    hackage: dependent-sum-0.6.2.0@sha256:bff37c85b38e768b942f9d81c2465b63a96076f1ba006e35612aa357770807b6,1856
    pantry-tree:
      size: 474
      sha256: ad3fbed5104f9ee9c8082c9dcc8ade847674e3053572533e8d26ad1a866f1107
  original:
    hackage: dependent-sum-0.6.2.0@sha256:bff37c85b38e768b942f9d81c2465b63a96076f1ba006e35612aa357770807b6,1856
- completed:
    hackage: monoidal-containers-0.6.0.1@sha256:7d776942659eb4d70d8b8da5d734396374a6eda8b4622df9e61e26b24e9c8e40,2501
    pantry-tree:
      size: 569
      sha256: c354e916cb3aa9a0728a60f08440dc589a9e6d8275f047dbe9ab73f168247561
  original:
    hackage: monoidal-containers-0.6.0.1@sha256:7d776942659eb4d70d8b8da5d734396374a6eda8b4622df9e61e26b24e9c8e40,2501
- completed:
    hackage: patch-0.0.3.1@sha256:f14acf2eea8c83be57398106cec549c476577a947a7f856e6aa71dc561d58ca9,2308
    pantry-tree:
      size: 977
      sha256: d959d6d59fa8b46876c0eaa4f2736017b3e2d4dbbc5ee6a6bdd7635c7d4c1510
  original:
    hackage: patch-0.0.3.1@sha256:f14acf2eea8c83be57398106cec549c476577a947a7f856e6aa71dc561d58ca9,2308
- completed:
    hackage: prim-uniq-0.1.0.1@sha256:23f15867b381b49e3f09f69fba318b0ee0e505d5fe0df82f3fcdf3f5c2886291,1201
    pantry-tree:
      size: 363
      sha256: c20e37eff29b7d5986c4f25ce50a0aa7805d9fa7c3dca8a898f092488d618d9e
  original:
    hackage: prim-uniq-0.1.0.1@sha256:23f15867b381b49e3f09f69fba318b0ee0e505d5fe0df82f3fcdf3f5c2886291,1201
- completed:
    hackage: ref-tf-0.4.0.2@sha256:69de3550250e0cd69f45d080359cb314a9487c915024349c75b78732bbee9332,1134
    pantry-tree:
      size: 211
      sha256: fc5a4a35b4c782a33f452c1dc66ffa8ddbf321e2db369bd8823c796f0d4d8c7f
  original:
    hackage: ref-tf-0.4.0.2@sha256:69de3550250e0cd69f45d080359cb314a9487c915024349c75b78732bbee9332,1134
- completed:
    hackage: witherable-0.3.1@sha256:ed3d5bc9eb1c08fa9704d9e143cdf622e1bd80b847cd5ede8c07da7bc7981ab9,1313
    pantry-tree:
      size: 271
      sha256: 7077f6c0e9e973af2c7f4429bcc3af6d345c19554c1335733faccec35d4c1708
  original:
    hackage: witherable-0.3.1@sha256:ed3d5bc9eb1c08fa9704d9e143cdf622e1bd80b847cd5ede8c07da7bc7981ab9,1313
- completed:
    hackage: dependent-sum-template-0.1.0.3@sha256:0bbbacdfbd3abf2a15aaf0cf2c27e5bdd159b519441fec39e1e6f2f54424adde,1682
    pantry-tree:
      size: 436
      sha256: 32eeadeb991a290a1da41ce7e995dee7d38ebba3bd3e53ea8074c32c086701fd
  original:
    hackage: dependent-sum-template-0.1.0.3@sha256:0bbbacdfbd3abf2a15aaf0cf2c27e5bdd159b519441fec39e1e6f2f54424adde,1682
- completed:
    hackage: reflex-vty-0.1.4.0@sha256:46dcb043c39532e85c08e7098ac2e1237d5f7d018183b3f758f5ef87e06f51d4,2377
    pantry-tree:
      size: 1106
      sha256: fe388f6ca8e0e86f24adefb287ff268e2214cb6a53b2b096a13a3ce942b57288
  original:
    hackage: reflex-vty-0.1.4.0@sha256:46dcb043c39532e85c08e7098ac2e1237d5f7d018183b3f758f5ef87e06f51d4,2377
- completed:
    hackage: bimap-0.3.3@sha256:232518c0410990665b9c8677eb9318ee355c001d58945ddcbedec3baa30b4160,1475
    pantry-tree:
      size: 414
      sha256: 5c7485014c2f342d215ace99cd06361f7607169aebe8d4aca2f265fa5c3c6761
  original:
    hackage: bimap-0.3.3@sha256:232518c0410990665b9c8677eb9318ee355c001d58945ddcbedec3baa30b4160,1475
- completed:
    size: 11167
    url: https://github.com/pdlla/reflex-test-host/archive/d4ce1977f6cd7926bada650e9ae773fe182004b3.tar.gz
    cabal-file:
      size: 3125
      sha256: 738726a7b5e45fb695322f07988637d14abe32a5e15a58622a97740e627c8ab6
    name: reflex-test-host
    version: 0.1.1.0
    sha256: 2e2a99433aac6cc98c19abcaeb156b94ca593daf09fb9985a85daee5a9530b58
    pantry-tree:
      size: 743
      sha256: c768d956be5714a260eea2177db40a7b8344f152aa6d0638f06ab163166a4978
  original:
    url: https://github.com/pdlla/reflex-test-host/archive/d4ce1977f6cd7926bada650e9ae773fe182004b3.tar.gz
- completed:
    size: 19409
    url: https://github.com/pdlla/reflex-dynamic-containers/archive/4ca36f1122576ec42723315f3124d3ca3e321a16.tar.gz
    cabal-file:
      size: 3489
      sha256: 9de397d74c009706438217bfefbc05f71eef322abfec6f46fa0ef091e3e7f150
    name: reflex-dynamic-containers
    version: 0.1.0.0
    sha256: 34dba965e3a4b4301bba6b6863c5dd3d503c57824d0bd07b043a8a5dffdd00d1
    pantry-tree:
      size: 1325
      sha256: 9b8e3d15a1b419defa369cea0f82f6e7461e94b1b0ba5c5ae98833ed4d20780b
  original:
    url: https://github.com/pdlla/reflex-dynamic-containers/archive/4ca36f1122576ec42723315f3124d3ca3e321a16.tar.gz
- completed:
    size: 10503
    url: https://github.com/pdlla/reflex-potatoes/archive/ca25ecfcf6a651f7ee91f4c278ac8035fd48d9a5.tar.gz
    cabal-file:
      size: 3018
      sha256: 68f4f7c671405161cd029f491e8449f688705fcdb5df13d2e600fc5f2aea2899
    name: reflex-potatoes
    version: 0.1.0.0
    sha256: d8cf99ad67fd7f87dea783bf50b647192aa3aec411431e0f12a747de5eb5f804
    pantry-tree:
      size: 683
      sha256: a2ecdb2122ec11105216c97ecdf7e0f939cd3f4aec93cea2300b197b2e89d7b8
  original:
    url: https://github.com/pdlla/reflex-potatoes/archive/ca25ecfcf6a651f7ee91f4c278ac8035fd48d9a5.tar.gz
- completed:
    size: 60097
    url: https://github.com/pdlla/potato-flow/archive/03504bb341e0a78690260484a463e51261eb3c23.tar.gz
    cabal-file:
      size: 6204
      sha256: 2cf7d99073c03e2012d6ee163f042944fde48e2155a803309b05e59980419bd2
    name: potato-flow
    version: 0.1.0.0
    sha256: efe440c8854993fd11c36c4e326d604de9eeed21d7e3b93f943c376cfab8717b
    pantry-tree:
      size: 2908
      sha256: cd31da62987992d6d72f300994dbc90c1b013a448d612d82054cef1408f46638
  original:
    url: https://github.com/pdlla/potato-flow/archive/03504bb341e0a78690260484a463e51261eb3c23.tar.gz
snapshots:
- completed:
    size: 492027
    url: https://raw.githubusercontent.com/commercialhaskell/stackage-snapshots/master/lts/15/9.yaml
    sha256: 11394dc975e96c2fea90f7f2b3229630d46351a092ebcec78f0a56403930b429
  original: lts-15.9
